// !$*UTF8*$!
{
	archiveVersion = 1;
	classes = {
	};
	objectVersion = 50;
	objects = {

/* Begin PBXBuildFile section */
		8EA77CA822279923004BF90C /* AppDelegate.m in Sources */ = {isa = PBXBuildFile; fileRef = 8EA77CA722279923004BF90C /* AppDelegate.m */; };
		8EA77CAA22279923004BF90C /* GameScene.sks in Resources */ = {isa = PBXBuildFile; fileRef = 8EA77CA922279923004BF90C /* GameScene.sks */; };
		8EA77CAC22279923004BF90C /* Actions.sks in Resources */ = {isa = PBXBuildFile; fileRef = 8EA77CAB22279923004BF90C /* Actions.sks */; };
		8EA77CAF22279923004BF90C /* GameScene.m in Sources */ = {isa = PBXBuildFile; fileRef = 8EA77CAE22279923004BF90C /* GameScene.m */; };
		8EA77CB222279923004BF90C /* GameViewController.m in Sources */ = {isa = PBXBuildFile; fileRef = 8EA77CB122279923004BF90C /* GameViewController.m */; };
		8EA77CB522279923004BF90C /* Main.storyboard in Resources */ = {isa = PBXBuildFile; fileRef = 8EA77CB322279923004BF90C /* Main.storyboard */; };
		8EA77CB722279929004BF90C /* Assets.xcassets in Resources */ = {isa = PBXBuildFile; fileRef = 8EA77CB622279929004BF90C /* Assets.xcassets */; };
		8EA77CBA22279929004BF90C /* LaunchScreen.storyboard in Resources */ = {isa = PBXBuildFile; fileRef = 8EA77CB822279929004BF90C /* LaunchScreen.storyboard */; };
		8EA77CBD22279929004BF90C /* main.m in Sources */ = {isa = PBXBuildFile; fileRef = 8EA77CBC22279929004BF90C /* main.m */; };
		8EA77CC722279929004BF90C /* BreakOutDemoTests.m in Sources */ = {isa = PBXBuildFile; fileRef = 8EA77CC622279929004BF90C /* BreakOutDemoTests.m */; };
		8EA77CD222279929004BF90C /* BreakOutDemoUITests.m in Sources */ = {isa = PBXBuildFile; fileRef = 8EA77CD122279929004BF90C /* BreakOutDemoUITests.m */; };
		8ED35CED222F8EAE0040DB1B /* ballhit.aif in Resources */ = {isa = PBXBuildFile; fileRef = 8ED35CEC222F8EAE0040DB1B /* ballhit.aif */; };
		8EF84DD8222F882B001A6E5A /* ballParticle.sks in Resources */ = {isa = PBXBuildFile; fileRef = 8EF84DD7222F882B001A6E5A /* ballParticle.sks */; };
/* End PBXBuildFile section */

/* Begin PBXContainerItemProxy section */
		8EA77CC322279929004BF90C /* PBXContainerItemProxy */ = {
			isa = PBXContainerItemProxy;
			containerPortal = 8EA77C9B22279923004BF90C /* Project object */;
			proxyType = 1;
			remoteGlobalIDString = 8EA77CA222279923004BF90C;
			remoteInfo = BreakOutDemo;
		};
		8EA77CCE22279929004BF90C /* PBXContainerItemProxy */ = {
			isa = PBXContainerItemProxy;
			containerPortal = 8EA77C9B22279923004BF90C /* Project object */;
			proxyType = 1;
			remoteGlobalIDString = 8EA77CA222279923004BF90C;
			remoteInfo = BreakOutDemo;
		};
/* End PBXContainerItemProxy section */

/* Begin PBXFileReference section */
		8EA77CA322279923004BF90C /* BreakOutDemo.app */ = {isa = PBXFileReference; explicitFileType = wrapper.application; includeInIndex = 0; path = BreakOutDemo.app; sourceTree = BUILT_PRODUCTS_DIR; };
		8EA77CA622279923004BF90C /* AppDelegate.h */ = {isa = PBXFileReference; lastKnownFileType = sourcecode.c.h; path = AppDelegate.h; sourceTree = "<group>"; };
		8EA77CA722279923004BF90C /* AppDelegate.m */ = {isa = PBXFileReference; lastKnownFileType = sourcecode.c.objc; path = AppDelegate.m; sourceTree = "<group>"; };
		8EA77CA922279923004BF90C /* GameScene.sks */ = {isa = PBXFileReference; lastKnownFileType = file.sks; path = GameScene.sks; sourceTree = "<group>"; };
		8EA77CAB22279923004BF90C /* Actions.sks */ = {isa = PBXFileReference; lastKnownFileType = file.sks; path = Actions.sks; sourceTree = "<group>"; };
		8EA77CAD22279923004BF90C /* GameScene.h */ = {isa = PBXFileReference; lastKnownFileType = sourcecode.c.h; path = GameScene.h; sourceTree = "<group>"; };
		8EA77CAE22279923004BF90C /* GameScene.m */ = {isa = PBXFileReference; lastKnownFileType = sourcecode.c.objc; path = GameScene.m; sourceTree = "<group>"; };
		8EA77CB022279923004BF90C /* GameViewController.h */ = {isa = PBXFileReference; lastKnownFileType = sourcecode.c.h; path = GameViewController.h; sourceTree = "<group>"; };
		8EA77CB122279923004BF90C /* GameViewController.m */ = {isa = PBXFileReference; lastKnownFileType = sourcecode.c.objc; path = GameViewController.m; sourceTree = "<group>"; };
		8EA77CB422279923004BF90C /* Base */ = {isa = PBXFileReference; lastKnownFileType = file.storyboard; name = Base; path = Base.lproj/Main.storyboard; sourceTree = "<group>"; };
		8EA77CB622279929004BF90C /* Assets.xcassets */ = {isa = PBXFileReference; lastKnownFileType = folder.assetcatalog; path = Assets.xcassets; sourceTree = "<group>"; };
		8EA77CB922279929004BF90C /* Base */ = {isa = PBXFileReference; lastKnownFileType = file.storyboard; name = Base; path = Base.lproj/LaunchScreen.storyboard; sourceTree = "<group>"; };
		8EA77CBB22279929004BF90C /* Info.plist */ = {isa = PBXFileReference; lastKnownFileType = text.plist.xml; path = Info.plist; sourceTree = "<group>"; };
		8EA77CBC22279929004BF90C /* main.m */ = {isa = PBXFileReference; lastKnownFileType = sourcecode.c.objc; path = main.m; sourceTree = "<group>"; };
		8EA77CC222279929004BF90C /* BreakOutDemoTests.xctest */ = {isa = PBXFileReference; explicitFileType = wrapper.cfbundle; includeInIndex = 0; path = BreakOutDemoTests.xctest; sourceTree = BUILT_PRODUCTS_DIR; };
		8EA77CC622279929004BF90C /* BreakOutDemoTests.m */ = {isa = PBXFileReference; lastKnownFileType = sourcecode.c.objc; path = BreakOutDemoTests.m; sourceTree = "<group>"; };
		8EA77CC822279929004BF90C /* Info.plist */ = {isa = PBXFileReference; lastKnownFileType = text.plist.xml; path = Info.plist; sourceTree = "<group>"; };
		8EA77CCD22279929004BF90C /* BreakOutDemoUITests.xctest */ = {isa = PBXFileReference; explicitFileType = wrapper.cfbundle; includeInIndex = 0; path = BreakOutDemoUITests.xctest; sourceTree = BUILT_PRODUCTS_DIR; };
		8EA77CD122279929004BF90C /* BreakOutDemoUITests.m */ = {isa = PBXFileReference; lastKnownFileType = sourcecode.c.objc; path = BreakOutDemoUITests.m; sourceTree = "<group>"; };
		8EA77CD322279929004BF90C /* Info.plist */ = {isa = PBXFileReference; lastKnownFileType = text.plist.xml; path = Info.plist; sourceTree = "<group>"; };
		8ED35CEC222F8EAE0040DB1B /* ballhit.aif */ = {isa = PBXFileReference; lastKnownFileType = file; path = ballhit.aif; sourceTree = "<group>"; };
		8EF84DD7222F882B001A6E5A /* ballParticle.sks */ = {isa = PBXFileReference; lastKnownFileType = file.sks; path = ballParticle.sks; sourceTree = "<group>"; };
/* End PBXFileReference section */

/* Begin PBXFrameworksBuildPhase section */
		8EA77CA022279923004BF90C /* Frameworks */ = {
			isa = PBXFrameworksBuildPhase;
			buildActionMask = 2147483647;
			files = (
			);
			runOnlyForDeploymentPostprocessing = 0;
		};
		8EA77CBF22279929004BF90C /* Frameworks */ = {
			isa = PBXFrameworksBuildPhase;
			buildActionMask = 2147483647;
			files = (
			);
			runOnlyForDeploymentPostprocessing = 0;
		};
		8EA77CCA22279929004BF90C /* Frameworks */ = {
			isa = PBXFrameworksBuildPhase;
			buildActionMask = 2147483647;
			files = (
			);
			runOnlyForDeploymentPostprocessing = 0;
		};
/* End PBXFrameworksBuildPhase section */

/* Begin PBXGroup section */
		8EA77C9A22279923004BF90C = {
			isa = PBXGroup;
			children = (
				8ED35CEC222F8EAE0040DB1B /* ballhit.aif */,
				8EA77CA522279923004BF90C /* BreakOutDemo */,
				8EA77CC522279929004BF90C /* BreakOutDemoTests */,
				8EA77CD022279929004BF90C /* BreakOutDemoUITests */,
				8EA77CA422279923004BF90C /* Products */,
			);
			sourceTree = "<group>";
		};
		8EA77CA422279923004BF90C /* Products */ = {
			isa = PBXGroup;
			children = (
				8EA77CA322279923004BF90C /* BreakOutDemo.app */,
				8EA77CC222279929004BF90C /* BreakOutDemoTests.xctest */,
				8EA77CCD22279929004BF90C /* BreakOutDemoUITests.xctest */,
			);
			name = Products;
			sourceTree = "<group>";
		};
		8EA77CA522279923004BF90C /* BreakOutDemo */ = {
			isa = PBXGroup;
			children = (
				8EA77CA622279923004BF90C /* AppDelegate.h */,
				8EA77CA722279923004BF90C /* AppDelegate.m */,
				8EA77CA922279923004BF90C /* GameScene.sks */,
				8EA77CAB22279923004BF90C /* Actions.sks */,
				8EA77CAD22279923004BF90C /* GameScene.h */,
				8EA77CAE22279923004BF90C /* GameScene.m */,
				8EF84DD7222F882B001A6E5A /* ballParticle.sks */,
				8EA77CB022279923004BF90C /* GameViewController.h */,
				8EA77CB122279923004BF90C /* GameViewController.m */,
				8EA77CB322279923004BF90C /* Main.storyboard */,
				8EA77CB622279929004BF90C /* Assets.xcassets */,
				8EA77CB822279929004BF90C /* LaunchScreen.storyboard */,
				8EA77CBB22279929004BF90C /* Info.plist */,
				8EA77CBC22279929004BF90C /* main.m */,
			);
			path = BreakOutDemo;
			sourceTree = "<group>";
		};
		8EA77CC522279929004BF90C /* BreakOutDemoTests */ = {
			isa = PBXGroup;
			children = (
				8EA77CC622279929004BF90C /* BreakOutDemoTests.m */,
				8EA77CC822279929004BF90C /* Info.plist */,
			);
			path = BreakOutDemoTests;
			sourceTree = "<group>";
		};
		8EA77CD022279929004BF90C /* BreakOutDemoUITests */ = {
			isa = PBXGroup;
			children = (
				8EA77CD122279929004BF90C /* BreakOutDemoUITests.m */,
				8EA77CD322279929004BF90C /* Info.plist */,
			);
			path = BreakOutDemoUITests;
			sourceTree = "<group>";
		};
/* End PBXGroup section */

/* Begin PBXNativeTarget section */
		8EA77CA222279923004BF90C /* BreakOutDemo */ = {
			isa = PBXNativeTarget;
			buildConfigurationList = 8EA77CD622279929004BF90C /* Build configuration list for PBXNativeTarget "BreakOutDemo" */;
			buildPhases = (
				8EA77C9F22279923004BF90C /* Sources */,
				8EA77CA022279923004BF90C /* Frameworks */,
				8EA77CA122279923004BF90C /* Resources */,
			);
			buildRules = (
			);
			dependencies = (
			);
			name = BreakOutDemo;
			productName = BreakOutDemo;
			productReference = 8EA77CA322279923004BF90C /* BreakOutDemo.app */;
			productType = "com.apple.product-type.application";
		};
		8EA77CC122279929004BF90C /* BreakOutDemoTests */ = {
			isa = PBXNativeTarget;
			buildConfigurationList = 8EA77CD922279929004BF90C /* Build configuration list for PBXNativeTarget "BreakOutDemoTests" */;
			buildPhases = (
				8EA77CBE22279929004BF90C /* Sources */,
				8EA77CBF22279929004BF90C /* Frameworks */,
				8EA77CC022279929004BF90C /* Resources */,
			);
			buildRules = (
			);
			dependencies = (
				8EA77CC422279929004BF90C /* PBXTargetDependency */,
			);
			name = BreakOutDemoTests;
			productName = BreakOutDemoTests;
			productReference = 8EA77CC222279929004BF90C /* BreakOutDemoTests.xctest */;
			productType = "com.apple.product-type.bundle.unit-test";
		};
		8EA77CCC22279929004BF90C /* BreakOutDemoUITests */ = {
			isa = PBXNativeTarget;
			buildConfigurationList = 8EA77CDC22279929004BF90C /* Build configuration list for PBXNativeTarget "BreakOutDemoUITests" */;
			buildPhases = (
				8EA77CC922279929004BF90C /* Sources */,
				8EA77CCA22279929004BF90C /* Frameworks */,
				8EA77CCB22279929004BF90C /* Resources */,
			);
			buildRules = (
			);
			dependencies = (
				8EA77CCF22279929004BF90C /* PBXTargetDependency */,
			);
			name = BreakOutDemoUITests;
			productName = BreakOutDemoUITests;
			productReference = 8EA77CCD22279929004BF90C /* BreakOutDemoUITests.xctest */;
			productType = "com.apple.product-type.bundle.ui-testing";
		};
/* End PBXNativeTarget section */

/* Begin PBXProject section */
		8EA77C9B22279923004BF90C /* Project object */ = {
			isa = PBXProject;
			attributes = {
				LastUpgradeCheck = 1010;
				ORGANIZATIONNAME = "Matt Chen";
				TargetAttributes = {
					8EA77CA222279923004BF90C = {
						CreatedOnToolsVersion = 10.1;
					};
					8EA77CC122279929004BF90C = {
						CreatedOnToolsVersion = 10.1;
						TestTargetID = 8EA77CA222279923004BF90C;
					};
					8EA77CCC22279929004BF90C = {
						CreatedOnToolsVersion = 10.1;
						TestTargetID = 8EA77CA222279923004BF90C;
					};
				};
			};
			buildConfigurationList = 8EA77C9E22279923004BF90C /* Build configuration list for PBXProject "BreakOutDemo" */;
			compatibilityVersion = "Xcode 9.3";
			developmentRegion = en;
			hasScannedForEncodings = 0;
			knownRegions = (
				en,
				Base,
			);
			mainGroup = 8EA77C9A22279923004BF90C;
			productRefGroup = 8EA77CA422279923004BF90C /* Products */;
			projectDirPath = "";
			projectRoot = "";
			targets = (
				8EA77CA222279923004BF90C /* BreakOutDemo */,
				8EA77CC122279929004BF90C /* BreakOutDemoTests */,
				8EA77CCC22279929004BF90C /* BreakOutDemoUITests */,
			);
		};
/* End PBXProject section */

/* Begin PBXResourcesBuildPhase section */
		8EA77CA122279923004BF90C /* Resources */ = {
			isa = PBXResourcesBuildPhase;
			buildActionMask = 2147483647;
			files = (
				8EA77CB522279923004BF90C /* Main.storyboard in Resources */,
				8EA77CAA22279923004BF90C /* GameScene.sks in Resources */,
				8EA77CB722279929004BF90C /* Assets.xcassets in Resources */,
				8EA77CBA22279929004BF90C /* LaunchScreen.storyboard in Resources */,
				8EF84DD8222F882B001A6E5A /* ballParticle.sks in Resources */,
				8EA77CAC22279923004BF90C /* Actions.sks in Resources */,
				8ED35CED222F8EAE0040DB1B /* ballhit.aif in Resources */,
			);
			runOnlyForDeploymentPostprocessing = 0;
		};
		8EA77CC022279929004BF90C /* Resources */ = {
			isa = PBXResourcesBuildPhase;
			buildActionMask = 2147483647;
			files = (
			);
			runOnlyForDeploymentPostprocessing = 0;
		};
		8EA77CCB22279929004BF90C /* Resources */ = {
			isa = PBXResourcesBuildPhase;
			buildActionMask = 2147483647;
			files = (
			);
			runOnlyForDeploymentPostprocessing = 0;
		};
/* End PBXResourcesBuildPhase section */

/* Begin PBXSourcesBuildPhase section */
		8EA77C9F22279923004BF90C /* Sources */ = {
			isa = PBXSourcesBuildPhase;
			buildActionMask = 2147483647;
			files = (
				8EA77CAF22279923004BF90C /* GameScene.m in Sources */,
				8EA77CB222279923004BF90C /* GameViewController.m in Sources */,
				8EA77CBD22279929004BF90C /* main.m in Sources */,
				8EA77CA822279923004BF90C /* AppDelegate.m in Sources */,
			);
			runOnlyForDeploymentPostprocessing = 0;
		};
		8EA77CBE22279929004BF90C /* Sources */ = {
			isa = PBXSourcesBuildPhase;
			buildActionMask = 2147483647;
			files = (
				8EA77CC722279929004BF90C /* BreakOutDemoTests.m in Sources */,
			);
			runOnlyForDeploymentPostprocessing = 0;
		};
		8EA77CC922279929004BF90C /* Sources */ = {
			isa = PBXSourcesBuildPhase;
			buildActionMask = 2147483647;
			files = (
				8EA77CD222279929004BF90C /* BreakOutDemoUITests.m in Sources */,
			);
			runOnlyForDeploymentPostprocessing = 0;
		};
/* End PBXSourcesBuildPhase section */

/* Begin PBXTargetDependency section */
		8EA77CC422279929004BF90C /* PBXTargetDependency */ = {
			isa = PBXTargetDependency;
			target = 8EA77CA222279923004BF90C /* BreakOutDemo */;
			targetProxy = 8EA77CC322279929004BF90C /* PBXContainerItemProxy */;
		};
		8EA77CCF22279929004BF90C /* PBXTargetDependency */ = {
			isa = PBXTargetDependency;
			target = 8EA77CA222279923004BF90C /* BreakOutDemo */;
			targetProxy = 8EA77CCE22279929004BF90C /* PBXContainerItemProxy */;
		};
/* End PBXTargetDependency section */

/* Begin PBXVariantGroup section */
		8EA77CB322279923004BF90C /* Main.storyboard */ = {
			isa = PBXVariantGroup;
			children = (
				8EA77CB422279923004BF90C /* Base */,
			);
			name = Main.storyboard;
			sourceTree = "<group>";
		};
		8EA77CB822279929004BF90C /* LaunchScreen.storyboard */ = {
			isa = PBXVariantGroup;
			children = (
				8EA77CB922279929004BF90C /* Base */,
			);
			name = LaunchScreen.storyboard;
			sourceTree = "<group>";
		};
/* End PBXVariantGroup section */

/* Begin XCBuildConfiguration section */
		8EA77CD422279929004BF90C /* Debug */ = {
			isa = XCBuildConfiguration;
			buildSettings = {
				ALWAYS_SEARCH_USER_PATHS = NO;
				CLANG_ANALYZER_NONNULL = YES;
				CLANG_ANALYZER_NUMBER_OBJECT_CONVERSION = YES_AGGRESSIVE;
				CLANG_CXX_LANGUAGE_STANDARD = "gnu++14";
				CLANG_CXX_LIBRARY = "libc++";
				CLANG_ENABLE_MODULES = YES;
				CLANG_ENABLE_OBJC_ARC = YES;
				CLANG_ENABLE_OBJC_WEAK = YES;
				CLANG_WARN_BLOCK_CAPTURE_AUTORELEASING = YES;
				CLANG_WARN_BOOL_CONVERSION = YES;
				CLANG_WARN_COMMA = YES;
				CLANG_WARN_CONSTANT_CONVERSION = YES;
				CLANG_WARN_DEPRECATED_OBJC_IMPLEMENTATIONS = YES;
				CLANG_WARN_DIRECT_OBJC_ISA_USAGE = YES_ERROR;
				CLANG_WARN_DOCUMENTATION_COMMENTS = YES;
				CLANG_WARN_EMPTY_BODY = YES;
				CLANG_WARN_ENUM_CONVERSION = YES;
				CLANG_WARN_INFINITE_RECURSION = YES;
				CLANG_WARN_INT_CONVERSION = YES;
				CLANG_WARN_NON_LITERAL_NULL_CONVERSION = YES;
				CLANG_WARN_OBJC_IMPLICIT_RETAIN_SELF = YES;
				CLANG_WARN_OBJC_LITERAL_CONVERSION = YES;
				CLANG_WARN_OBJC_ROOT_CLASS = YES_ERROR;
				CLANG_WARN_RANGE_LOOP_ANALYSIS = YES;
				CLANG_WARN_STRICT_PROTOTYPES = YES;
				CLANG_WARN_SUSPICIOUS_MOVE = YES;
				CLANG_WARN_UNGUARDED_AVAILABILITY = YES_AGGRESSIVE;
				CLANG_WARN_UNREACHABLE_CODE = YES;
				CLANG_WARN__DUPLICATE_METHOD_MATCH = YES;
				CODE_SIGN_IDENTITY = "iPhone Developer";
				COPY_PHASE_STRIP = NO;
				DEBUG_INFORMATION_FORMAT = dwarf;
				ENABLE_STRICT_OBJC_MSGSEND = YES;
				ENABLE_TESTABILITY = YES;
				GCC_C_LANGUAGE_STANDARD = gnu11;
				GCC_DYNAMIC_NO_PIC = NO;
				GCC_NO_COMMON_BLOCKS = YES;
				GCC_OPTIMIZATION_LEVEL = 0;
				GCC_PREPROCESSOR_DEFINITIONS = (
					"DEBUG=1",
					"$(inherited)",
				);
				GCC_WARN_64_TO_32_BIT_CONVERSION = YES;
				GCC_WARN_ABOUT_RETURN_TYPE = YES_ERROR;
				GCC_WARN_UNDECLARED_SELECTOR = YES;
				GCC_WARN_UNINITIALIZED_AUTOS = YES_AGGRESSIVE;
				GCC_WARN_UNUSED_FUNCTION = YES;
				GCC_WARN_UNUSED_VARIABLE = YES;
				IPHONEOS_DEPLOYMENT_TARGET = 12.1;
				MTL_ENABLE_DEBUG_INFO = INCLUDE_SOURCE;
				MTL_FAST_MATH = YES;
				ONLY_ACTIVE_ARCH = YES;
				SDKROOT = iphoneos;
			};
			name = Debug;
		};
		8EA77CD522279929004BF90C /* Release */ = {
			isa = XCBuildConfiguration;
			buildSettings = {
				ALWAYS_SEARCH_USER_PATHS = NO;
				CLANG_ANALYZER_NONNULL = YES;
				CLANG_ANALYZER_NUMBER_OBJECT_CONVERSION = YES_AGGRESSIVE;
				CLANG_CXX_LANGUAGE_STANDARD = "gnu++14";
				CLANG_CXX_LIBRARY = "libc++";
				CLANG_ENABLE_MODULES = YES;
				CLANG_ENABLE_OBJC_ARC = YES;
				CLANG_ENABLE_OBJC_WEAK = YES;
				CLANG_WARN_BLOCK_CAPTURE_AUTORELEASING = YES;
				CLANG_WARN_BOOL_CONVERSION = YES;
				CLANG_WARN_COMMA = YES;
				CLANG_WARN_CONSTANT_CONVERSION = YES;
				CLANG_WARN_DEPRECATED_OBJC_IMPLEMENTATIONS = YES;
				CLANG_WARN_DIRECT_OBJC_ISA_USAGE = YES_ERROR;
				CLANG_WARN_DOCUMENTATION_COMMENTS = YES;
				CLANG_WARN_EMPTY_BODY = YES;
				CLANG_WARN_ENUM_CONVERSION = YES;
				CLANG_WARN_INFINITE_RECURSION = YES;
				CLANG_WARN_INT_CONVERSION = YES;
				CLANG_WARN_NON_LITERAL_NULL_CONVERSION = YES;
				CLANG_WARN_OBJC_IMPLICIT_RETAIN_SELF = YES;
				CLANG_WARN_OBJC_LITERAL_CONVERSION = YES;
				CLANG_WARN_OBJC_ROOT_CLASS = YES_ERROR;
				CLANG_WARN_RANGE_LOOP_ANALYSIS = YES;
				CLANG_WARN_STRICT_PROTOTYPES = YES;
				CLANG_WARN_SUSPICIOUS_MOVE = YES;
				CLANG_WARN_UNGUARDED_AVAILABILITY = YES_AGGRESSIVE;
				CLANG_WARN_UNREACHABLE_CODE = YES;
				CLANG_WARN__DUPLICATE_METHOD_MATCH = YES;
				CODE_SIGN_IDENTITY = "iPhone Developer";
				COPY_PHASE_STRIP = NO;
				DEBUG_INFORMATION_FORMAT = "dwarf-with-dsym";
				ENABLE_NS_ASSERTIONS = NO;
				ENABLE_STRICT_OBJC_MSGSEND = YES;
				GCC_C_LANGUAGE_STANDARD = gnu11;
				GCC_NO_COMMON_BLOCKS = YES;
				GCC_WARN_64_TO_32_BIT_CONVERSION = YES;
				GCC_WARN_ABOUT_RETURN_TYPE = YES_ERROR;
				GCC_WARN_UNDECLARED_SELECTOR = YES;
				GCC_WARN_UNINITIALIZED_AUTOS = YES_AGGRESSIVE;
				GCC_WARN_UNUSED_FUNCTION = YES;
				GCC_WARN_UNUSED_VARIABLE = YES;
				IPHONEOS_DEPLOYMENT_TARGET = 12.1;
				MTL_ENABLE_DEBUG_INFO = NO;
				MTL_FAST_MATH = YES;
				SDKROOT = iphoneos;
				VALIDATE_PRODUCT = YES;
			};
			name = Release;
		};
		8EA77CD722279929004BF90C /* Debug */ = {
			isa = XCBuildConfiguration;
			buildSettings = {
				ASSETCATALOG_COMPILER_APPICON_NAME = AppIcon;
				CODE_SIGN_STYLE = Automatic;
				DEVELOPMENT_TEAM = F7Z3K5NT4B;
				INFOPLIST_FILE = BreakOutDemo/Info.plist;
				LD_RUNPATH_SEARCH_PATHS = (
					"$(inherited)",
					"@executable_path/Frameworks",
				);
				PRODUCT_BUNDLE_IDENTIFIER = "maoter.chen-gmail.com.BreakOutDemo";
				PRODUCT_NAME = "$(TARGET_NAME)";
				TARGETED_DEVICE_FAMILY = "1,2";
			};
			name = Debug;
		};
		8EA77CD822279929004BF90C /* Release */ = {
			isa = XCBuildConfiguration;
			buildSettings = {
				ASSETCATALOG_COMPILER_APPICON_NAME = AppIcon;
				CODE_SIGN_STYLE = Automatic;
				DEVELOPMENT_TEAM = F7Z3K5NT4B;
				INFOPLIST_FILE = BreakOutDemo/Info.plist;
				LD_RUNPATH_SEARCH_PATHS = (
					"$(inherited)",
					"@executable_path/Frameworks",
				);
				PRODUCT_BUNDLE_IDENTIFIER = "maoter.chen-gmail.com.BreakOutDemo";
				PRODUCT_NAME = "$(TARGET_NAME)";
				TARGETED_DEVICE_FAMILY = "1,2";
			};
			name = Release;
		};
		8EA77CDA22279929004BF90C /* Debug */ = {
			isa = XCBuildConfiguration;
			buildSettings = {
				BUNDLE_LOADER = "$(TEST_HOST)";
				CODE_SIGN_STYLE = Automatic;
				DEVELOPMENT_TEAM = F7Z3K5NT4B;
				INFOPLIST_FILE = BreakOutDemoTests/Info.plist;
				LD_RUNPATH_SEARCH_PATHS = (
					"$(inherited)",
					"@executable_path/Frameworks",
					"@loader_path/Frameworks",
				);
				PRODUCT_BUNDLE_IDENTIFIER = "maoter.chen-gmail.com.BreakOutDemoTests";
				PRODUCT_NAME = "$(TARGET_NAME)";
				TARGETED_DEVICE_FAMILY = "1,2";
				TEST_HOST = "$(BUILT_PRODUCTS_DIR)/BreakOutDemo.app/BreakOutDemo";
			};
			name = Debug;
		};
		8EA77CDB22279929004BF90C /* Release */ = {
			isa = XCBuildConfiguration;
			buildSettings = {
				BUNDLE_LOADER = "$(TEST_HOST)";
				CODE_SIGN_STYLE = Automatic;
				DEVELOPMENT_TEAM = F7Z3K5NT4B;
				INFOPLIST_FILE = BreakOutDemoTests/Info.plist;
				LD_RUNPATH_SEARCH_PATHS = (
					"$(inherited)",
					"@executable_path/Frameworks",
					"@loader_path/Frameworks",
				);
				PRODUCT_BUNDLE_IDENTIFIER = "maoter.chen-gmail.com.BreakOutDemoTests";
				PRODUCT_NAME = "$(TARGET_NAME)";
				TARGETED_DEVICE_FAMILY = "1,2";
				TEST_HOST = "$(BUILT_PRODUCTS_DIR)/BreakOutDemo.app/BreakOutDemo";
			};
			name = Release;
		};
		8EA77CDD22279929004BF90C /* Debug */ = {
			isa = XCBuildConfiguration;
			buildSettings = {
				CODE_SIGN_STYLE = Automatic;
				DEVELOPMENT_TEAM = F7Z3K5NT4B;
				INFOPLIST_FILE = BreakOutDemoUITests/Info.plist;
				LD_RUNPATH_SEARCH_PATHS = (
					"$(inherited)",
					"@executable_path/Frameworks",
					"@loader_path/Frameworks",
				);
				PRODUCT_BUNDLE_IDENTIFIER = "maoter.chen-gmail.com.BreakOutDemoUITests";
				PRODUCT_NAME = "$(TARGET_NAME)";
				TARGETED_DEVICE_FAMILY = "1,2";
				TEST_TARGET_NAME = BreakOutDemo;
			};
			name = Debug;
		};
		8EA77CDE22279929004BF90C /* Release */ = {
			isa = XCBuildConfiguration;
			buildSettings = {
				CODE_SIGN_STYLE = Automatic;
				DEVELOPMENT_TEAM = F7Z3K5NT4B;
				INFOPLIST_FILE = BreakOutDemoUITests/Info.plist;
				LD_RUNPATH_SEARCH_PATHS = (
					"$(inherited)",
					"@executable_path/Frameworks",
					"@loader_path/Frameworks",
				);
				PRODUCT_BUNDLE_IDENTIFIER = "maoter.chen-gmail.com.BreakOutDemoUITests";
				PRODUCT_NAME = "$(TARGET_NAME)";
				TARGETED_DEVICE_FAMILY = "1,2";
				TEST_TARGET_NAME = BreakOutDemo;
			};
			name = Release;
		};
/* End XCBuildConfiguration section */

/* Begin XCConfigurationList section */
		8EA77C9E22279923004BF90C /* Build configuration list for PBXProject "BreakOutDemo" */ = {
			isa = XCConfigurationList;
			buildConfigurations = (
				8EA77CD422279929004BF90C /* Debug */,
				8EA77CD522279929004BF90C /* Release */,
			);
			defaultConfigurationIsVisible = 0;
			defaultConfigurationName = Release;
		};
		8EA77CD622279929004BF90C /* Build configuration list for PBXNativeTarget "BreakOutDemo" */ = {
			isa = XCConfigurationList;
			buildConfigurations = (
				8EA77CD722279929004BF90C /* Debug */,
				8EA77CD822279929004BF90C /* Release */,
			);
			defaultConfigurationIsVisible = 0;
			defaultConfigurationName = Release;
		};
		8EA77CD922279929004BF90C /* Build configuration list for PBXNativeTarget "BreakOutDemoTests" */ = {
			isa = XCConfigurationList;
			buildConfigurations = (
				8EA77CDA22279929004BF90C /* Debug */,
				8EA77CDB22279929004BF90C /* Release */,
			);
			defaultConfigurationIsVisible = 0;
			defaultConfigurationName = Release;
		};
		8EA77CDC22279929004BF90C /* Build configuration list for PBXNativeTarget "BreakOutDemoUITests" */ = {
			isa = XCConfigurationList;
			buildConfigurations = (
				8EA77CDD22279929004BF90C /* Debug */,
				8EA77CDE22279929004BF90C /* Release */,
			);
			defaultConfigurationIsVisible = 0;
			defaultConfigurationName = Release;
		};
/* End XCConfigurationList section */
	};
	rootObject = 8EA77C9B22279923004BF90C /* Project object */;
}
